// !$*UTF8*$!
{
	archiveVersion = 1;
	classes = {
	};
	objectVersion = 46;
	objects = {

/* Begin PBXBuildFile section */
		8E27AB5B1C00AB1A00A64E6F /* AUDITTests.m in Sources */ = {isa = PBXBuildFile; fileRef = 8E27AB5A1C00AB1A00A64E6F /* AUDITTests.m */; };
		8E27AB661C00AB1A00A64E6F /* AUDITUITests.m in Sources */ = {isa = PBXBuildFile; fileRef = 8E27AB651C00AB1A00A64E6F /* AUDITUITests.m */; };
		8E6FBAB71CA8469B009A6A4A /* AppDelegate.m in Sources */ = {isa = PBXBuildFile; fileRef = 8E6FBA511CA8469B009A6A4A /* AppDelegate.m */; };
		8E6FBAB81CA8469B009A6A4A /* Assets.xcassets in Resources */ = {isa = PBXBuildFile; fileRef = 8E6FBA521CA8469B009A6A4A /* Assets.xcassets */; };
		8E6FBAB91CA8469B009A6A4A /* LaunchScreen.storyboard in Resources */ = {isa = PBXBuildFile; fileRef = 8E6FBA541CA8469B009A6A4A /* LaunchScreen.storyboard */; };
		8E6FBABA1CA8469B009A6A4A /* Main.storyboard in Resources */ = {isa = PBXBuildFile; fileRef = 8E6FBA561CA8469B009A6A4A /* Main.storyboard */; };
		8E6FBABB1CA8469B009A6A4A /* CustomButton.m in Sources */ = {isa = PBXBuildFile; fileRef = 8E6FBA5A1CA8469B009A6A4A /* CustomButton.m */; };
		8E6FBABC1CA8469B009A6A4A /* CustomLable.m in Sources */ = {isa = PBXBuildFile; fileRef = 8E6FBA5C1CA8469B009A6A4A /* CustomLable.m */; };
		8E6FBABD1CA8469B009A6A4A /* LookQuestionairTableHeader.m in Sources */ = {isa = PBXBuildFile; fileRef = 8E6FBA5E1CA8469B009A6A4A /* LookQuestionairTableHeader.m */; };
		8E6FBABE1CA8469B009A6A4A /* LookQuestionairTableHeader.xib in Resources */ = {isa = PBXBuildFile; fileRef = 8E6FBA5F1CA8469B009A6A4A /* LookQuestionairTableHeader.xib */; };
		8E6FBABF1CA8469B009A6A4A /* QuestionairTableHeader.m in Sources */ = {isa = PBXBuildFile; fileRef = 8E6FBA611CA8469B009A6A4A /* QuestionairTableHeader.m */; };
		8E6FBAC01CA8469B009A6A4A /* QuestionairTableHeader.xib in Resources */ = {isa = PBXBuildFile; fileRef = 8E6FBA621CA8469B009A6A4A /* QuestionairTableHeader.xib */; };
		8E6FBAC11CA8469B009A6A4A /* DateHelper.m in Sources */ = {isa = PBXBuildFile; fileRef = 8E6FBA641CA8469B009A6A4A /* DateHelper.m */; };
		8E6FBAC21CA8469B009A6A4A /* AUDataBase.m in Sources */ = {isa = PBXBuildFile; fileRef = 8E6FBA671CA8469B009A6A4A /* AUDataBase.m */; };
		8E6FBAC31CA8469B009A6A4A /* DataBaseOperation.m in Sources */ = {isa = PBXBuildFile; fileRef = 8E6FBA691CA8469B009A6A4A /* DataBaseOperation.m */; };
		8E6FBAC41CA8469B009A6A4A /* ZYDataEngine.m in Sources */ = {isa = PBXBuildFile; fileRef = 8E6FBA6B1CA8469B009A6A4A /* ZYDataEngine.m */; };
		8E6FBAC51CA8469B009A6A4A /* ZYFileManager.m in Sources */ = {isa = PBXBuildFile; fileRef = 8E6FBA6D1CA8469B009A6A4A /* ZYFileManager.m */; };
		8E6FBAC61CA8469B009A6A4A /* draft.sqlite in Resources */ = {isa = PBXBuildFile; fileRef = 8E6FBA6E1CA8469B009A6A4A /* draft.sqlite */; };
		8E6FBAC71CA8469B009A6A4A /* Info.plist in Resources */ = {isa = PBXBuildFile; fileRef = 8E6FBA6F1CA8469B009A6A4A /* Info.plist */; };
		8E6FBAC81CA8469B009A6A4A /* ZYTabBar.m in Sources */ = {isa = PBXBuildFile; fileRef = 8E6FBA731CA8469B009A6A4A /* ZYTabBar.m */; };
		8E6FBAC91CA8469B009A6A4A /* ZYTabBarButton.m in Sources */ = {isa = PBXBuildFile; fileRef = 8E6FBA751CA8469B009A6A4A /* ZYTabBarButton.m */; };
		8E6FBACA1CA8469B009A6A4A /* ZYNavigationController.m in Sources */ = {isa = PBXBuildFile; fileRef = 8E6FBA771CA8469B009A6A4A /* ZYNavigationController.m */; };
		8E6FBACB1CA8469B009A6A4A /* ZYTabBarController.m in Sources */ = {isa = PBXBuildFile; fileRef = 8E6FBA791CA8469B009A6A4A /* ZYTabBarController.m */; };
		8E6FBACC1CA8469B009A6A4A /* main.m in Sources */ = {isa = PBXBuildFile; fileRef = 8E6FBA7A1CA8469B009A6A4A /* main.m */; };
		8E6FBACD1CA8469B009A6A4A /* HistoryViewController.m in Sources */ = {isa = PBXBuildFile; fileRef = 8E6FBA7E1CA8469B009A6A4A /* HistoryViewController.m */; };
		8E6FBACE1CA8469B009A6A4A /* HomepageViewController.m in Sources */ = {isa = PBXBuildFile; fileRef = 8E6FBA801CA8469B009A6A4A /* HomepageViewController.m */; };
		8E6FBACF1CA8469B009A6A4A /* HPRightViewController.m in Sources */ = {isa = PBXBuildFile; fileRef = 8E6FBA821CA8469B009A6A4A /* HPRightViewController.m */; };
		8E6FBAD01CA8469B009A6A4A /* HPRightViewController.xib in Resources */ = {isa = PBXBuildFile; fileRef = 8E6FBA831CA8469B009A6A4A /* HPRightViewController.xib */; };
		8E6FBAD11CA8469B009A6A4A /* LoginViewController.m in Sources */ = {isa = PBXBuildFile; fileRef = 8E6FBA851CA8469B009A6A4A /* LoginViewController.m */; };
		8E6FBAD21CA8469B009A6A4A /* LookQuestionnaireSurvey.m in Sources */ = {isa = PBXBuildFile; fileRef = 8E6FBA871CA8469B009A6A4A /* LookQuestionnaireSurvey.m */; };
		8E6FBAD31CA8469B009A6A4A /* ParameterSelectViewController.m in Sources */ = {isa = PBXBuildFile; fileRef = 8E6FBA891CA8469B009A6A4A /* ParameterSelectViewController.m */; };
		8E6FBAD41CA8469B009A6A4A /* ParameterSelectViewController.xib in Resources */ = {isa = PBXBuildFile; fileRef = 8E6FBA8A1CA8469B009A6A4A /* ParameterSelectViewController.xib */; };
		8E6FBAD51CA8469B009A6A4A /* QuestionnaireSurvey.m in Sources */ = {isa = PBXBuildFile; fileRef = 8E6FBA8C1CA8469B009A6A4A /* QuestionnaireSurvey.m */; };
		8E6FBAD61CA8469B009A6A4A /* SettingsViewController.m in Sources */ = {isa = PBXBuildFile; fileRef = 8E6FBA8E1CA8469B009A6A4A /* SettingsViewController.m */; };
		8E6FBAD71CA8469B009A6A4A /* StandardViewController.m in Sources */ = {isa = PBXBuildFile; fileRef = 8E6FBA901CA8469B009A6A4A /* StandardViewController.m */; };
		8E6FBAD81CA8469B009A6A4A /* StandardViewController.xib in Resources */ = {isa = PBXBuildFile; fileRef = 8E6FBA911CA8469B009A6A4A /* StandardViewController.xib */; };
		8E6FBAD91CA8469B009A6A4A /* AnswerModel.m in Sources */ = {isa = PBXBuildFile; fileRef = 8E6FBA941CA8469B009A6A4A /* AnswerModel.m */; };
		8E6FBADA1CA8469B009A6A4A /* DealerInfo.m in Sources */ = {isa = PBXBuildFile; fileRef = 8E6FBA961CA8469B009A6A4A /* DealerInfo.m */; };
		8E6FBADB1CA8469B009A6A4A /* HomePageLeftCellModel.m in Sources */ = {isa = PBXBuildFile; fileRef = 8E6FBA981CA8469B009A6A4A /* HomePageLeftCellModel.m */; };
		8E6FBADC1CA8469B009A6A4A /* LeftCellModel.m in Sources */ = {isa = PBXBuildFile; fileRef = 8E6FBA9A1CA8469B009A6A4A /* LeftCellModel.m */; };
		8E6FBADD1CA8469B009A6A4A /* QuestionairModel.m in Sources */ = {isa = PBXBuildFile; fileRef = 8E6FBA9C1CA8469B009A6A4A /* QuestionairModel.m */; };
		8E6FBADE1CA8469B009A6A4A /* HomePageLeftCell.m in Sources */ = {isa = PBXBuildFile; fileRef = 8E6FBA9F1CA8469B009A6A4A /* HomePageLeftCell.m */; };
		8E6FBADF1CA8469B009A6A4A /* HomePageLeftCell.xib in Resources */ = {isa = PBXBuildFile; fileRef = 8E6FBAA01CA8469B009A6A4A /* HomePageLeftCell.xib */; };
		8E6FBAE01CA8469B009A6A4A /* LeftCell.m in Sources */ = {isa = PBXBuildFile; fileRef = 8E6FBAA21CA8469B009A6A4A /* LeftCell.m */; };
		8E6FBAE11CA8469B009A6A4A /* LeftCell.xib in Resources */ = {isa = PBXBuildFile; fileRef = 8E6FBAA31CA8469B009A6A4A /* LeftCell.xib */; };
		8E6FBAE21CA8469B009A6A4A /* QuestionCell.m in Sources */ = {isa = PBXBuildFile; fileRef = 8E6FBAA51CA8469B009A6A4A /* QuestionCell.m */; };
		8E6FBAE31CA8469B009A6A4A /* QuestionCell.xib in Resources */ = {isa = PBXBuildFile; fileRef = 8E6FBAA61CA8469B009A6A4A /* QuestionCell.xib */; };
		8E6FBAE41CA8469B009A6A4A /* RightCell.m in Sources */ = {isa = PBXBuildFile; fileRef = 8E6FBAA81CA8469B009A6A4A /* RightCell.m */; };
		8E6FBAE51CA8469B009A6A4A /* RightCell.xib in Resources */ = {isa = PBXBuildFile; fileRef = 8E6FBAA91CA8469B009A6A4A /* RightCell.xib */; };
		8E6FBAE61CA8469B009A6A4A /* CustomTextfield.m in Sources */ = {isa = PBXBuildFile; fileRef = 8E6FBAAC1CA8469B009A6A4A /* CustomTextfield.m */; };
		8E6FBAE71CA8469B009A6A4A /* UIImage+BT.m in Sources */ = {isa = PBXBuildFile; fileRef = 8E6FBAAE1CA8469B009A6A4A /* UIImage+BT.m */; };
		8E6FBAE81CA8469B009A6A4A /* UILabel+BT.m in Sources */ = {isa = PBXBuildFile; fileRef = 8E6FBAB01CA8469B009A6A4A /* UILabel+BT.m */; };
		8E6FBAE91CA8469B009A6A4A /* UIStoryboard+ZY.m in Sources */ = {isa = PBXBuildFile; fileRef = 8E6FBAB21CA8469B009A6A4A /* UIStoryboard+ZY.m */; };
		8E6FBAEA1CA8469B009A6A4A /* UITextField+ZY.m in Sources */ = {isa = PBXBuildFile; fileRef = 8E6FBAB41CA8469B009A6A4A /* UITextField+ZY.m */; };
		8E6FBAEB1CA8469B009A6A4A /* UIView+Positioning.m in Sources */ = {isa = PBXBuildFile; fileRef = 8E6FBAB61CA8469B009A6A4A /* UIView+Positioning.m */; };
		D5C5A7BB63F303455E8DDC73 /* libPods.a in Frameworks */ = {isa = PBXBuildFile; fileRef = 88B978B40B0E3CEC66F9B6A4 /* libPods.a */; };
/* End PBXBuildFile section */

/* Begin PBXContainerItemProxy section */
		8E27AB571C00AB1A00A64E6F /* PBXContainerItemProxy */ = {
			isa = PBXContainerItemProxy;
			containerPortal = 8E27AB321C00AB1A00A64E6F /* Project object */;
			proxyType = 1;
			remoteGlobalIDString = 8E27AB391C00AB1A00A64E6F;
			remoteInfo = AUDIT;
		};
		8E27AB621C00AB1A00A64E6F /* PBXContainerItemProxy */ = {
			isa = PBXContainerItemProxy;
			containerPortal = 8E27AB321C00AB1A00A64E6F /* Project object */;
			proxyType = 1;
			remoteGlobalIDString = 8E27AB391C00AB1A00A64E6F;
			remoteInfo = AUDIT;
		};
/* End PBXContainerItemProxy section */

/* Begin PBXFileReference section */
		14F1672C6F7BA22C3AACFAC4 /* Pods.debug.xcconfig */ = {isa = PBXFileReference; includeInIndex = 1; lastKnownFileType = text.xcconfig; name = Pods.debug.xcconfig; path = "Pods/Target Support Files/Pods/Pods.debug.xcconfig"; sourceTree = "<group>"; };
		37BBAB2D44A94E58AE96BF2D /* Pods.release.xcconfig */ = {isa = PBXFileReference; includeInIndex = 1; lastKnownFileType = text.xcconfig; name = Pods.release.xcconfig; path = "Pods/Target Support Files/Pods/Pods.release.xcconfig"; sourceTree = "<group>"; };
		88B978B40B0E3CEC66F9B6A4 /* libPods.a */ = {isa = PBXFileReference; explicitFileType = archive.ar; includeInIndex = 0; path = libPods.a; sourceTree = BUILT_PRODUCTS_DIR; };
		8E27AB3A1C00AB1A00A64E6F /* AUDIT.app */ = {isa = PBXFileReference; explicitFileType = wrapper.application; includeInIndex = 0; path = AUDIT.app; sourceTree = BUILT_PRODUCTS_DIR; };
		8E27AB561C00AB1A00A64E6F /* AUDITTests.xctest */ = {isa = PBXFileReference; explicitFileType = wrapper.cfbundle; includeInIndex = 0; path = AUDITTests.xctest; sourceTree = BUILT_PRODUCTS_DIR; };
		8E27AB5A1C00AB1A00A64E6F /* AUDITTests.m */ = {isa = PBXFileReference; lastKnownFileType = sourcecode.c.objc; path = AUDITTests.m; sourceTree = "<group>"; };
		8E27AB5C1C00AB1A00A64E6F /* Info.plist */ = {isa = PBXFileReference; lastKnownFileType = text.plist.xml; path = Info.plist; sourceTree = "<group>"; };
		8E27AB611C00AB1A00A64E6F /* AUDITUITests.xctest */ = {isa = PBXFileReference; explicitFileType = wrapper.cfbundle; includeInIndex = 0; path = AUDITUITests.xctest; sourceTree = BUILT_PRODUCTS_DIR; };
		8E27AB651C00AB1A00A64E6F /* AUDITUITests.m */ = {isa = PBXFileReference; lastKnownFileType = sourcecode.c.objc; path = AUDITUITests.m; sourceTree = "<group>"; };
		8E27AB671C00AB1A00A64E6F /* Info.plist */ = {isa = PBXFileReference; lastKnownFileType = text.plist.xml; path = Info.plist; sourceTree = "<group>"; };
		8E6FBA501CA8469B009A6A4A /* AppDelegate.h */ = {isa = PBXFileReference; fileEncoding = 4; lastKnownFileType = sourcecode.c.h; path = AppDelegate.h; sourceTree = "<group>"; };
		8E6FBA511CA8469B009A6A4A /* AppDelegate.m */ = {isa = PBXFileReference; fileEncoding = 4; lastKnownFileType = sourcecode.c.objc; path = AppDelegate.m; sourceTree = "<group>"; };
		8E6FBA521CA8469B009A6A4A /* Assets.xcassets */ = {isa = PBXFileReference; lastKnownFileType = folder.assetcatalog; path = Assets.xcassets; sourceTree = "<group>"; };
		8E6FBA531CA8469B009A6A4A /* AUDIT-prefix.pch */ = {isa = PBXFileReference; fileEncoding = 4; lastKnownFileType = sourcecode.c.h; path = "AUDIT-prefix.pch"; sourceTree = "<group>"; };
		8E6FBA551CA8469B009A6A4A /* Base */ = {isa = PBXFileReference; lastKnownFileType = file.storyboard; name = Base; path = Base.lproj/LaunchScreen.storyboard; sourceTree = "<group>"; };
		8E6FBA571CA8469B009A6A4A /* Base */ = {isa = PBXFileReference; lastKnownFileType = file.storyboard; name = Base; path = Base.lproj/Main.storyboard; sourceTree = "<group>"; };
		8E6FBA591CA8469B009A6A4A /* CustomButton.h */ = {isa = PBXFileReference; fileEncoding = 4; lastKnownFileType = sourcecode.c.h; path = CustomButton.h; sourceTree = "<group>"; };
		8E6FBA5A1CA8469B009A6A4A /* CustomButton.m */ = {isa = PBXFileReference; fileEncoding = 4; lastKnownFileType = sourcecode.c.objc; path = CustomButton.m; sourceTree = "<group>"; };
		8E6FBA5B1CA8469B009A6A4A /* CustomLable.h */ = {isa = PBXFileReference; fileEncoding = 4; lastKnownFileType = sourcecode.c.h; path = CustomLable.h; sourceTree = "<group>"; };
		8E6FBA5C1CA8469B009A6A4A /* CustomLable.m */ = {isa = PBXFileReference; fileEncoding = 4; lastKnownFileType = sourcecode.c.objc; path = CustomLable.m; sourceTree = "<group>"; };
		8E6FBA5D1CA8469B009A6A4A /* LookQuestionairTableHeader.h */ = {isa = PBXFileReference; fileEncoding = 4; lastKnownFileType = sourcecode.c.h; path = LookQuestionairTableHeader.h; sourceTree = "<group>"; };
		8E6FBA5E1CA8469B009A6A4A /* LookQuestionairTableHeader.m */ = {isa = PBXFileReference; fileEncoding = 4; lastKnownFileType = sourcecode.c.objc; path = LookQuestionairTableHeader.m; sourceTree = "<group>"; };
		8E6FBA5F1CA8469B009A6A4A /* LookQuestionairTableHeader.xib */ = {isa = PBXFileReference; fileEncoding = 4; lastKnownFileType = file.xib; path = LookQuestionairTableHeader.xib; sourceTree = "<group>"; };
		8E6FBA601CA8469B009A6A4A /* QuestionairTableHeader.h */ = {isa = PBXFileReference; fileEncoding = 4; lastKnownFileType = sourcecode.c.h; path = QuestionairTableHeader.h; sourceTree = "<group>"; };
		8E6FBA611CA8469B009A6A4A /* QuestionairTableHeader.m */ = {isa = PBXFileReference; fileEncoding = 4; lastKnownFileType = sourcecode.c.objc; path = QuestionairTableHeader.m; sourceTree = "<group>"; };
		8E6FBA621CA8469B009A6A4A /* QuestionairTableHeader.xib */ = {isa = PBXFileReference; fileEncoding = 4; lastKnownFileType = file.xib; path = QuestionairTableHeader.xib; sourceTree = "<group>"; };
		8E6FBA631CA8469B009A6A4A /* DateHelper.h */ = {isa = PBXFileReference; fileEncoding = 4; lastKnownFileType = sourcecode.c.h; path = DateHelper.h; sourceTree = "<group>"; };
		8E6FBA641CA8469B009A6A4A /* DateHelper.m */ = {isa = PBXFileReference; fileEncoding = 4; lastKnownFileType = sourcecode.c.objc; path = DateHelper.m; sourceTree = "<group>"; };
		8E6FBA661CA8469B009A6A4A /* AUDataBase.h */ = {isa = PBXFileReference; fileEncoding = 4; lastKnownFileType = sourcecode.c.h; path = AUDataBase.h; sourceTree = "<group>"; };
		8E6FBA671CA8469B009A6A4A /* AUDataBase.m */ = {isa = PBXFileReference; fileEncoding = 4; lastKnownFileType = sourcecode.c.objc; path = AUDataBase.m; sourceTree = "<group>"; };
		8E6FBA681CA8469B009A6A4A /* DataBaseOperation.h */ = {isa = PBXFileReference; fileEncoding = 4; lastKnownFileType = sourcecode.c.h; path = DataBaseOperation.h; sourceTree = "<group>"; };
		8E6FBA691CA8469B009A6A4A /* DataBaseOperation.m */ = {isa = PBXFileReference; fileEncoding = 4; lastKnownFileType = sourcecode.c.objc; path = DataBaseOperation.m; sourceTree = "<group>"; };
		8E6FBA6A1CA8469B009A6A4A /* ZYDataEngine.h */ = {isa = PBXFileReference; fileEncoding = 4; lastKnownFileType = sourcecode.c.h; path = ZYDataEngine.h; sourceTree = "<group>"; };
		8E6FBA6B1CA8469B009A6A4A /* ZYDataEngine.m */ = {isa = PBXFileReference; fileEncoding = 4; lastKnownFileType = sourcecode.c.objc; path = ZYDataEngine.m; sourceTree = "<group>"; };
		8E6FBA6C1CA8469B009A6A4A /* ZYFileManager.h */ = {isa = PBXFileReference; fileEncoding = 4; lastKnownFileType = sourcecode.c.h; path = ZYFileManager.h; sourceTree = "<group>"; };
		8E6FBA6D1CA8469B009A6A4A /* ZYFileManager.m */ = {isa = PBXFileReference; fileEncoding = 4; lastKnownFileType = sourcecode.c.objc; path = ZYFileManager.m; sourceTree = "<group>"; };
		8E6FBA6E1CA8469B009A6A4A /* draft.sqlite */ = {isa = PBXFileReference; lastKnownFileType = file; path = draft.sqlite; sourceTree = "<group>"; };
		8E6FBA6F1CA8469B009A6A4A /* Info.plist */ = {isa = PBXFileReference; fileEncoding = 4; lastKnownFileType = text.plist.xml; path = Info.plist; sourceTree = "<group>"; };
		8E6FBA721CA8469B009A6A4A /* ZYTabBar.h */ = {isa = PBXFileReference; fileEncoding = 4; lastKnownFileType = sourcecode.c.h; path = ZYTabBar.h; sourceTree = "<group>"; };
		8E6FBA731CA8469B009A6A4A /* ZYTabBar.m */ = {isa = PBXFileReference; fileEncoding = 4; lastKnownFileType = sourcecode.c.objc; path = ZYTabBar.m; sourceTree = "<group>"; };
		8E6FBA741CA8469B009A6A4A /* ZYTabBarButton.h */ = {isa = PBXFileReference; fileEncoding = 4; lastKnownFileType = sourcecode.c.h; path = ZYTabBarButton.h; sourceTree = "<group>"; };
		8E6FBA751CA8469B009A6A4A /* ZYTabBarButton.m */ = {isa = PBXFileReference; fileEncoding = 4; lastKnownFileType = sourcecode.c.objc; path = ZYTabBarButton.m; sourceTree = "<group>"; };
		8E6FBA761CA8469B009A6A4A /* ZYNavigationController.h */ = {isa = PBXFileReference; fileEncoding = 4; lastKnownFileType = sourcecode.c.h; path = ZYNavigationController.h; sourceTree = "<group>"; };
		8E6FBA771CA8469B009A6A4A /* ZYNavigationController.m */ = {isa = PBXFileReference; fileEncoding = 4; lastKnownFileType = sourcecode.c.objc; path = ZYNavigationController.m; sourceTree = "<group>"; };
		8E6FBA781CA8469B009A6A4A /* ZYTabBarController.h */ = {isa = PBXFileReference; fileEncoding = 4; lastKnownFileType = sourcecode.c.h; path = ZYTabBarController.h; sourceTree = "<group>"; };
		8E6FBA791CA8469B009A6A4A /* ZYTabBarController.m */ = {isa = PBXFileReference; fileEncoding = 4; lastKnownFileType = sourcecode.c.objc; path = ZYTabBarController.m; sourceTree = "<group>"; };
		8E6FBA7A1CA8469B009A6A4A /* main.m */ = {isa = PBXFileReference; fileEncoding = 4; lastKnownFileType = sourcecode.c.objc; path = main.m; sourceTree = "<group>"; };
		8E6FBA7D1CA8469B009A6A4A /* HistoryViewController.h */ = {isa = PBXFileReference; fileEncoding = 4; lastKnownFileType = sourcecode.c.h; path = HistoryViewController.h; sourceTree = "<group>"; };
		8E6FBA7E1CA8469B009A6A4A /* HistoryViewController.m */ = {isa = PBXFileReference; fileEncoding = 4; lastKnownFileType = sourcecode.c.objc; path = HistoryViewController.m; sourceTree = "<group>"; };
		8E6FBA7F1CA8469B009A6A4A /* HomepageViewController.h */ = {isa = PBXFileReference; fileEncoding = 4; lastKnownFileType = sourcecode.c.h; path = HomepageViewController.h; sourceTree = "<group>"; };
		8E6FBA801CA8469B009A6A4A /* HomepageViewController.m */ = {isa = PBXFileReference; fileEncoding = 4; lastKnownFileType = sourcecode.c.objc; path = HomepageViewController.m; sourceTree = "<group>"; };
		8E6FBA811CA8469B009A6A4A /* HPRightViewController.h */ = {isa = PBXFileReference; fileEncoding = 4; lastKnownFileType = sourcecode.c.h; path = HPRightViewController.h; sourceTree = "<group>"; };
		8E6FBA821CA8469B009A6A4A /* HPRightViewController.m */ = {isa = PBXFileReference; fileEncoding = 4; lastKnownFileType = sourcecode.c.objc; path = HPRightViewController.m; sourceTree = "<group>"; };
		8E6FBA831CA8469B009A6A4A /* HPRightViewController.xib */ = {isa = PBXFileReference; fileEncoding = 4; lastKnownFileType = file.xib; path = HPRightViewController.xib; sourceTree = "<group>"; };
		8E6FBA841CA8469B009A6A4A /* LoginViewController.h */ = {isa = PBXFileReference; fileEncoding = 4; lastKnownFileType = sourcecode.c.h; path = LoginViewController.h; sourceTree = "<group>"; };
		8E6FBA851CA8469B009A6A4A /* LoginViewController.m */ = {isa = PBXFileReference; fileEncoding = 4; lastKnownFileType = sourcecode.c.objc; path = LoginViewController.m; sourceTree = "<group>"; };
		8E6FBA861CA8469B009A6A4A /* LookQuestionnaireSurvey.h */ = {isa = PBXFileReference; fileEncoding = 4; lastKnownFileType = sourcecode.c.h; path = LookQuestionnaireSurvey.h; sourceTree = "<group>"; };
		8E6FBA871CA8469B009A6A4A /* LookQuestionnaireSurvey.m */ = {isa = PBXFileReference; fileEncoding = 4; lastKnownFileType = sourcecode.c.objc; path = LookQuestionnaireSurvey.m; sourceTree = "<group>"; };
		8E6FBA881CA8469B009A6A4A /* ParameterSelectViewController.h */ = {isa = PBXFileReference; fileEncoding = 4; lastKnownFileType = sourcecode.c.h; path = ParameterSelectViewController.h; sourceTree = "<group>"; };
		8E6FBA891CA8469B009A6A4A /* ParameterSelectViewController.m */ = {isa = PBXFileReference; fileEncoding = 4; lastKnownFileType = sourcecode.c.objc; path = ParameterSelectViewController.m; sourceTree = "<group>"; };
		8E6FBA8A1CA8469B009A6A4A /* ParameterSelectViewController.xib */ = {isa = PBXFileReference; fileEncoding = 4; lastKnownFileType = file.xib; path = ParameterSelectViewController.xib; sourceTree = "<group>"; };
		8E6FBA8B1CA8469B009A6A4A /* QuestionnaireSurvey.h */ = {isa = PBXFileReference; fileEncoding = 4; lastKnownFileType = sourcecode.c.h; path = QuestionnaireSurvey.h; sourceTree = "<group>"; };
		8E6FBA8C1CA8469B009A6A4A /* QuestionnaireSurvey.m */ = {isa = PBXFileReference; fileEncoding = 4; lastKnownFileType = sourcecode.c.objc; path = QuestionnaireSurvey.m; sourceTree = "<group>"; };
		8E6FBA8D1CA8469B009A6A4A /* SettingsViewController.h */ = {isa = PBXFileReference; fileEncoding = 4; lastKnownFileType = sourcecode.c.h; path = SettingsViewController.h; sourceTree = "<group>"; };
		8E6FBA8E1CA8469B009A6A4A /* SettingsViewController.m */ = {isa = PBXFileReference; fileEncoding = 4; lastKnownFileType = sourcecode.c.objc; path = SettingsViewController.m; sourceTree = "<group>"; };
		8E6FBA8F1CA8469B009A6A4A /* StandardViewController.h */ = {isa = PBXFileReference; fileEncoding = 4; lastKnownFileType = sourcecode.c.h; path = StandardViewController.h; sourceTree = "<group>"; };
		8E6FBA901CA8469B009A6A4A /* StandardViewController.m */ = {isa = PBXFileReference; fileEncoding = 4; lastKnownFileType = sourcecode.c.objc; path = StandardViewController.m; sourceTree = "<group>"; };
		8E6FBA911CA8469B009A6A4A /* StandardViewController.xib */ = {isa = PBXFileReference; fileEncoding = 4; lastKnownFileType = file.xib; path = StandardViewController.xib; sourceTree = "<group>"; };
		8E6FBA931CA8469B009A6A4A /* AnswerModel.h */ = {isa = PBXFileReference; fileEncoding = 4; lastKnownFileType = sourcecode.c.h; path = AnswerModel.h; sourceTree = "<group>"; };
		8E6FBA941CA8469B009A6A4A /* AnswerModel.m */ = {isa = PBXFileReference; fileEncoding = 4; lastKnownFileType = sourcecode.c.objc; path = AnswerModel.m; sourceTree = "<group>"; };
		8E6FBA951CA8469B009A6A4A /* DealerInfo.h */ = {isa = PBXFileReference; fileEncoding = 4; lastKnownFileType = sourcecode.c.h; path = DealerInfo.h; sourceTree = "<group>"; };
		8E6FBA961CA8469B009A6A4A /* DealerInfo.m */ = {isa = PBXFileReference; fileEncoding = 4; lastKnownFileType = sourcecode.c.objc; path = DealerInfo.m; sourceTree = "<group>"; };
		8E6FBA971CA8469B009A6A4A /* HomePageLeftCellModel.h */ = {isa = PBXFileReference; fileEncoding = 4; lastKnownFileType = sourcecode.c.h; path = HomePageLeftCellModel.h; sourceTree = "<group>"; };
		8E6FBA981CA8469B009A6A4A /* HomePageLeftCellModel.m */ = {isa = PBXFileReference; fileEncoding = 4; lastKnownFileType = sourcecode.c.objc; path = HomePageLeftCellModel.m; sourceTree = "<group>"; };
		8E6FBA991CA8469B009A6A4A /* LeftCellModel.h */ = {isa = PBXFileReference; fileEncoding = 4; lastKnownFileType = sourcecode.c.h; path = LeftCellModel.h; sourceTree = "<group>"; };
		8E6FBA9A1CA8469B009A6A4A /* LeftCellModel.m */ = {isa = PBXFileReference; fileEncoding = 4; lastKnownFileType = sourcecode.c.objc; path = LeftCellModel.m; sourceTree = "<group>"; };
		8E6FBA9B1CA8469B009A6A4A /* QuestionairModel.h */ = {isa = PBXFileReference; fileEncoding = 4; lastKnownFileType = sourcecode.c.h; path = QuestionairModel.h; sourceTree = "<group>"; };
		8E6FBA9C1CA8469B009A6A4A /* QuestionairModel.m */ = {isa = PBXFileReference; fileEncoding = 4; lastKnownFileType = sourcecode.c.objc; path = QuestionairModel.m; sourceTree = "<group>"; };
		8E6FBA9E1CA8469B009A6A4A /* HomePageLeftCell.h */ = {isa = PBXFileReference; fileEncoding = 4; lastKnownFileType = sourcecode.c.h; path = HomePageLeftCell.h; sourceTree = "<group>"; };
		8E6FBA9F1CA8469B009A6A4A /* HomePageLeftCell.m */ = {isa = PBXFileReference; fileEncoding = 4; lastKnownFileType = sourcecode.c.objc; path = HomePageLeftCell.m; sourceTree = "<group>"; };
		8E6FBAA01CA8469B009A6A4A /* HomePageLeftCell.xib */ = {isa = PBXFileReference; fileEncoding = 4; lastKnownFileType = file.xib; path = HomePageLeftCell.xib; sourceTree = "<group>"; };
		8E6FBAA11CA8469B009A6A4A /* LeftCell.h */ = {isa = PBXFileReference; fileEncoding = 4; lastKnownFileType = sourcecode.c.h; path = LeftCell.h; sourceTree = "<group>"; };
		8E6FBAA21CA8469B009A6A4A /* LeftCell.m */ = {isa = PBXFileReference; fileEncoding = 4; lastKnownFileType = sourcecode.c.objc; path = LeftCell.m; sourceTree = "<group>"; };
		8E6FBAA31CA8469B009A6A4A /* LeftCell.xib */ = {isa = PBXFileReference; fileEncoding = 4; lastKnownFileType = file.xib; path = LeftCell.xib; sourceTree = "<group>"; };
		8E6FBAA41CA8469B009A6A4A /* QuestionCell.h */ = {isa = PBXFileReference; fileEncoding = 4; lastKnownFileType = sourcecode.c.h; path = QuestionCell.h; sourceTree = "<group>"; };
		8E6FBAA51CA8469B009A6A4A /* QuestionCell.m */ = {isa = PBXFileReference; fileEncoding = 4; lastKnownFileType = sourcecode.c.objc; path = QuestionCell.m; sourceTree = "<group>"; };
		8E6FBAA61CA8469B009A6A4A /* QuestionCell.xib */ = {isa = PBXFileReference; fileEncoding = 4; lastKnownFileType = file.xib; path = QuestionCell.xib; sourceTree = "<group>"; };
		8E6FBAA71CA8469B009A6A4A /* RightCell.h */ = {isa = PBXFileReference; fileEncoding = 4; lastKnownFileType = sourcecode.c.h; path = RightCell.h; sourceTree = "<group>"; };
		8E6FBAA81CA8469B009A6A4A /* RightCell.m */ = {isa = PBXFileReference; fileEncoding = 4; lastKnownFileType = sourcecode.c.objc; path = RightCell.m; sourceTree = "<group>"; };
		8E6FBAA91CA8469B009A6A4A /* RightCell.xib */ = {isa = PBXFileReference; fileEncoding = 4; lastKnownFileType = file.xib; path = RightCell.xib; sourceTree = "<group>"; };
		8E6FBAAB1CA8469B009A6A4A /* CustomTextfield.h */ = {isa = PBXFileReference; fileEncoding = 4; lastKnownFileType = sourcecode.c.h; path = CustomTextfield.h; sourceTree = "<group>"; };
		8E6FBAAC1CA8469B009A6A4A /* CustomTextfield.m */ = {isa = PBXFileReference; fileEncoding = 4; lastKnownFileType = sourcecode.c.objc; path = CustomTextfield.m; sourceTree = "<group>"; };
		8E6FBAAD1CA8469B009A6A4A /* UIImage+BT.h */ = {isa = PBXFileReference; fileEncoding = 4; lastKnownFileType = sourcecode.c.h; path = "UIImage+BT.h"; sourceTree = "<group>"; };
		8E6FBAAE1CA8469B009A6A4A /* UIImage+BT.m */ = {isa = PBXFileReference; fileEncoding = 4; lastKnownFileType = sourcecode.c.objc; path = "UIImage+BT.m"; sourceTree = "<group>"; };
		8E6FBAAF1CA8469B009A6A4A /* UILabel+BT.h */ = {isa = PBXFileReference; fileEncoding = 4; lastKnownFileType = sourcecode.c.h; path = "UILabel+BT.h"; sourceTree = "<group>"; };
		8E6FBAB01CA8469B009A6A4A /* UILabel+BT.m */ = {isa = PBXFileReference; fileEncoding = 4; lastKnownFileType = sourcecode.c.objc; path = "UILabel+BT.m"; sourceTree = "<group>"; };
		8E6FBAB11CA8469B009A6A4A /* UIStoryboard+ZY.h */ = {isa = PBXFileReference; fileEncoding = 4; lastKnownFileType = sourcecode.c.h; path = "UIStoryboard+ZY.h"; sourceTree = "<group>"; };
		8E6FBAB21CA8469B009A6A4A /* UIStoryboard+ZY.m */ = {isa = PBXFileReference; fileEncoding = 4; lastKnownFileType = sourcecode.c.objc; path = "UIStoryboard+ZY.m"; sourceTree = "<group>"; };
		8E6FBAB31CA8469B009A6A4A /* UITextField+ZY.h */ = {isa = PBXFileReference; fileEncoding = 4; lastKnownFileType = sourcecode.c.h; path = "UITextField+ZY.h"; sourceTree = "<group>"; };
		8E6FBAB41CA8469B009A6A4A /* UITextField+ZY.m */ = {isa = PBXFileReference; fileEncoding = 4; lastKnownFileType = sourcecode.c.objc; path = "UITextField+ZY.m"; sourceTree = "<group>"; };
		8E6FBAB51CA8469B009A6A4A /* UIView+Positioning.h */ = {isa = PBXFileReference; fileEncoding = 4; lastKnownFileType = sourcecode.c.h; path = "UIView+Positioning.h"; sourceTree = "<group>"; };
		8E6FBAB61CA8469B009A6A4A /* UIView+Positioning.m */ = {isa = PBXFileReference; fileEncoding = 4; lastKnownFileType = sourcecode.c.objc; path = "UIView+Positioning.m"; sourceTree = "<group>"; };
/* End PBXFileReference section */

/* Begin PBXFrameworksBuildPhase section */
		8E27AB371C00AB1A00A64E6F /* Frameworks */ = {
			isa = PBXFrameworksBuildPhase;
			buildActionMask = 2147483647;
			files = (
				D5C5A7BB63F303455E8DDC73 /* libPods.a in Frameworks */,
			);
			runOnlyForDeploymentPostprocessing = 0;
		};
		8E27AB531C00AB1A00A64E6F /* Frameworks */ = {
			isa = PBXFrameworksBuildPhase;
			buildActionMask = 2147483647;
			files = (
			);
			runOnlyForDeploymentPostprocessing = 0;
		};
		8E27AB5E1C00AB1A00A64E6F /* Frameworks */ = {
			isa = PBXFrameworksBuildPhase;
			buildActionMask = 2147483647;
			files = (
			);
			runOnlyForDeploymentPostprocessing = 0;
		};
/* End PBXFrameworksBuildPhase section */

/* Begin PBXGroup section */
		212B9C8587FC1009B242D890 /* Pods */ = {
			isa = PBXGroup;
			children = (
				14F1672C6F7BA22C3AACFAC4 /* Pods.debug.xcconfig */,
				37BBAB2D44A94E58AE96BF2D /* Pods.release.xcconfig */,
			);
			name = Pods;
			sourceTree = "<group>";
		};
		8E27AB311C00AB1A00A64E6F = {
			isa = PBXGroup;
			children = (
				8E6FBA4F1CA8469B009A6A4A /* Class */,
				8E27AB591C00AB1A00A64E6F /* AUDITTests */,
				8E27AB641C00AB1A00A64E6F /* AUDITUITests */,
				8E27AB3B1C00AB1A00A64E6F /* Products */,
				212B9C8587FC1009B242D890 /* Pods */,
				AEF870734FA7C3FC11DA777E /* Frameworks */,
			);
			sourceTree = "<group>";
		};
		8E27AB3B1C00AB1A00A64E6F /* Products */ = {
			isa = PBXGroup;
			children = (
				8E27AB3A1C00AB1A00A64E6F /* AUDIT.app */,
				8E27AB561C00AB1A00A64E6F /* AUDITTests.xctest */,
				8E27AB611C00AB1A00A64E6F /* AUDITUITests.xctest */,
			);
			name = Products;
			sourceTree = "<group>";
		};
		8E27AB591C00AB1A00A64E6F /* AUDITTests */ = {
			isa = PBXGroup;
			children = (
				8E27AB5A1C00AB1A00A64E6F /* AUDITTests.m */,
				8E27AB5C1C00AB1A00A64E6F /* Info.plist */,
			);
			path = AUDITTests;
			sourceTree = "<group>";
		};
		8E27AB641C00AB1A00A64E6F /* AUDITUITests */ = {
			isa = PBXGroup;
			children = (
				8E27AB651C00AB1A00A64E6F /* AUDITUITests.m */,
				8E27AB671C00AB1A00A64E6F /* Info.plist */,
			);
			path = AUDITUITests;
			sourceTree = "<group>";
		};
		8E6FBA4F1CA8469B009A6A4A /* Class */ = {
			isa = PBXGroup;
			children = (
				8E6FBA501CA8469B009A6A4A /* AppDelegate.h */,
				8E6FBA511CA8469B009A6A4A /* AppDelegate.m */,
				8E6FBA521CA8469B009A6A4A /* Assets.xcassets */,
				8E6FBA531CA8469B009A6A4A /* AUDIT-prefix.pch */,
				8E6FBA541CA8469B009A6A4A /* LaunchScreen.storyboard */,
				8E6FBA561CA8469B009A6A4A /* Main.storyboard */,
				8E6FBA581CA8469B009A6A4A /* customView */,
				8E6FBA631CA8469B009A6A4A /* DateHelper.h */,
				8E6FBA641CA8469B009A6A4A /* DateHelper.m */,
				8E6FBA651CA8469B009A6A4A /* dateSevice */,
				8E6FBA6E1CA8469B009A6A4A /* draft.sqlite */,
				8E6FBA6F1CA8469B009A6A4A /* Info.plist */,
				8E6FBA701CA8469B009A6A4A /* Main */,
				8E6FBA7A1CA8469B009A6A4A /* main.m */,
				8E6FBA7B1CA8469B009A6A4A /* TabbarControllers */,
				8E6FBAAA1CA8469B009A6A4A /* Tools */,
			);
			path = Class;
			sourceTree = "<group>";
		};
		8E6FBA581CA8469B009A6A4A /* customView */ = {
			isa = PBXGroup;
			children = (
				8E6FBA591CA8469B009A6A4A /* CustomButton.h */,
				8E6FBA5A1CA8469B009A6A4A /* CustomButton.m */,
				8E6FBA5B1CA8469B009A6A4A /* CustomLable.h */,
				8E6FBA5C1CA8469B009A6A4A /* CustomLable.m */,
				8E6FBA5D1CA8469B009A6A4A /* LookQuestionairTableHeader.h */,
				8E6FBA5E1CA8469B009A6A4A /* LookQuestionairTableHeader.m */,
				8E6FBA5F1CA8469B009A6A4A /* LookQuestionairTableHeader.xib */,
				8E6FBA601CA8469B009A6A4A /* QuestionairTableHeader.h */,
				8E6FBA611CA8469B009A6A4A /* QuestionairTableHeader.m */,
				8E6FBA621CA8469B009A6A4A /* QuestionairTableHeader.xib */,
			);
			path = customView;
			sourceTree = "<group>";
		};
		8E6FBA651CA8469B009A6A4A /* dateSevice */ = {
			isa = PBXGroup;
			children = (
				8E6FBA661CA8469B009A6A4A /* AUDataBase.h */,
				8E6FBA671CA8469B009A6A4A /* AUDataBase.m */,
				8E6FBA681CA8469B009A6A4A /* DataBaseOperation.h */,
				8E6FBA691CA8469B009A6A4A /* DataBaseOperation.m */,
				8E6FBA6A1CA8469B009A6A4A /* ZYDataEngine.h */,
				8E6FBA6B1CA8469B009A6A4A /* ZYDataEngine.m */,
				8E6FBA6C1CA8469B009A6A4A /* ZYFileManager.h */,
				8E6FBA6D1CA8469B009A6A4A /* ZYFileManager.m */,
			);
			path = dateSevice;
			sourceTree = "<group>";
		};
		8E6FBA701CA8469B009A6A4A /* Main */ = {
			isa = PBXGroup;
			children = (
				8E6FBA711CA8469B009A6A4A /* Custom */,
				8E6FBA761CA8469B009A6A4A /* ZYNavigationController.h */,
				8E6FBA771CA8469B009A6A4A /* ZYNavigationController.m */,
				8E6FBA781CA8469B009A6A4A /* ZYTabBarController.h */,
				8E6FBA791CA8469B009A6A4A /* ZYTabBarController.m */,
			);
			path = Main;
			sourceTree = "<group>";
		};
		8E6FBA711CA8469B009A6A4A /* Custom */ = {
			isa = PBXGroup;
			children = (
				8E6FBA721CA8469B009A6A4A /* ZYTabBar.h */,
				8E6FBA731CA8469B009A6A4A /* ZYTabBar.m */,
				8E6FBA741CA8469B009A6A4A /* ZYTabBarButton.h */,
				8E6FBA751CA8469B009A6A4A /* ZYTabBarButton.m */,
			);
			path = Custom;
			sourceTree = "<group>";
		};
		8E6FBA7B1CA8469B009A6A4A /* TabbarControllers */ = {
			isa = PBXGroup;
			children = (
				8E6FBA7C1CA8469B009A6A4A /* Controllers */,
				8E6FBA921CA8469B009A6A4A /* Model */,
				8E6FBA9D1CA8469B009A6A4A /* View */,
			);
			path = TabbarControllers;
			sourceTree = "<group>";
		};
		8E6FBA7C1CA8469B009A6A4A /* Controllers */ = {
			isa = PBXGroup;
			children = (
				8E6FBA7D1CA8469B009A6A4A /* HistoryViewController.h */,
				8E6FBA7E1CA8469B009A6A4A /* HistoryViewController.m */,
				8E6FBA7F1CA8469B009A6A4A /* HomepageViewController.h */,
				8E6FBA801CA8469B009A6A4A /* HomepageViewController.m */,
				8E6FBA811CA8469B009A6A4A /* HPRightViewController.h */,
				8E6FBA821CA8469B009A6A4A /* HPRightViewController.m */,
				8E6FBA831CA8469B009A6A4A /* HPRightViewController.xib */,
				8E6FBA841CA8469B009A6A4A /* LoginViewController.h */,
				8E6FBA851CA8469B009A6A4A /* LoginViewController.m */,
				8E6FBA861CA8469B009A6A4A /* LookQuestionnaireSurvey.h */,
				8E6FBA871CA8469B009A6A4A /* LookQuestionnaireSurvey.m */,
				8E6FBA881CA8469B009A6A4A /* ParameterSelectViewController.h */,
				8E6FBA891CA8469B009A6A4A /* ParameterSelectViewController.m */,
				8E6FBA8A1CA8469B009A6A4A /* ParameterSelectViewController.xib */,
				8E6FBA8B1CA8469B009A6A4A /* QuestionnaireSurvey.h */,
				8E6FBA8C1CA8469B009A6A4A /* QuestionnaireSurvey.m */,
				8E6FBA8D1CA8469B009A6A4A /* SettingsViewController.h */,
				8E6FBA8E1CA8469B009A6A4A /* SettingsViewController.m */,
				8E6FBA8F1CA8469B009A6A4A /* StandardViewController.h */,
				8E6FBA901CA8469B009A6A4A /* StandardViewController.m */,
				8E6FBA911CA8469B009A6A4A /* StandardViewController.xib */,
			);
			path = Controllers;
			sourceTree = "<group>";
		};
		8E6FBA921CA8469B009A6A4A /* Model */ = {
			isa = PBXGroup;
			children = (
				8E6FBA931CA8469B009A6A4A /* AnswerModel.h */,
				8E6FBA941CA8469B009A6A4A /* AnswerModel.m */,
				8E6FBA951CA8469B009A6A4A /* DealerInfo.h */,
				8E6FBA961CA8469B009A6A4A /* DealerInfo.m */,
				8E6FBA971CA8469B009A6A4A /* HomePageLeftCellModel.h */,
				8E6FBA981CA8469B009A6A4A /* HomePageLeftCellModel.m */,
				8E6FBA991CA8469B009A6A4A /* LeftCellModel.h */,
				8E6FBA9A1CA8469B009A6A4A /* LeftCellModel.m */,
				8E6FBA9B1CA8469B009A6A4A /* QuestionairModel.h */,
				8E6FBA9C1CA8469B009A6A4A /* QuestionairModel.m */,
			);
			path = Model;
			sourceTree = "<group>";
		};
		8E6FBA9D1CA8469B009A6A4A /* View */ = {
			isa = PBXGroup;
			children = (
				8E6FBA9E1CA8469B009A6A4A /* HomePageLeftCell.h */,
				8E6FBA9F1CA8469B009A6A4A /* HomePageLeftCell.m */,
				8E6FBAA01CA8469B009A6A4A /* HomePageLeftCell.xib */,
				8E6FBAA11CA8469B009A6A4A /* LeftCell.h */,
				8E6FBAA21CA8469B009A6A4A /* LeftCell.m */,
				8E6FBAA31CA8469B009A6A4A /* LeftCell.xib */,
				8E6FBAA41CA8469B009A6A4A /* QuestionCell.h */,
				8E6FBAA51CA8469B009A6A4A /* QuestionCell.m */,
				8E6FBAA61CA8469B009A6A4A /* QuestionCell.xib */,
				8E6FBAA71CA8469B009A6A4A /* RightCell.h */,
				8E6FBAA81CA8469B009A6A4A /* RightCell.m */,
				8E6FBAA91CA8469B009A6A4A /* RightCell.xib */,
			);
			path = View;
			sourceTree = "<group>";
		};
		8E6FBAAA1CA8469B009A6A4A /* Tools */ = {
			isa = PBXGroup;
			children = (
				8E6FBAAB1CA8469B009A6A4A /* CustomTextfield.h */,
				8E6FBAAC1CA8469B009A6A4A /* CustomTextfield.m */,
				8E6FBAAD1CA8469B009A6A4A /* UIImage+BT.h */,
				8E6FBAAE1CA8469B009A6A4A /* UIImage+BT.m */,
				8E6FBAAF1CA8469B009A6A4A /* UILabel+BT.h */,
				8E6FBAB01CA8469B009A6A4A /* UILabel+BT.m */,
				8E6FBAB11CA8469B009A6A4A /* UIStoryboard+ZY.h */,
				8E6FBAB21CA8469B009A6A4A /* UIStoryboard+ZY.m */,
				8E6FBAB31CA8469B009A6A4A /* UITextField+ZY.h */,
				8E6FBAB41CA8469B009A6A4A /* UITextField+ZY.m */,
				8E6FBAB51CA8469B009A6A4A /* UIView+Positioning.h */,
				8E6FBAB61CA8469B009A6A4A /* UIView+Positioning.m */,
			);
			path = Tools;
			sourceTree = "<group>";
		};
		AEF870734FA7C3FC11DA777E /* Frameworks */ = {
			isa = PBXGroup;
			children = (
				88B978B40B0E3CEC66F9B6A4 /* libPods.a */,
			);
			name = Frameworks;
			sourceTree = "<group>";
		};
/* End PBXGroup section */

/* Begin PBXNativeTarget section */
		8E27AB391C00AB1A00A64E6F /* AUDIT */ = {
			isa = PBXNativeTarget;
			buildConfigurationList = 8E27AB6A1C00AB1A00A64E6F /* Build configuration list for PBXNativeTarget "AUDIT" */;
			buildPhases = (
				A9B740C3EF0779B589EDB564 /* Check Pods Manifest.lock */,
				8E27AB361C00AB1A00A64E6F /* Sources */,
				8E27AB371C00AB1A00A64E6F /* Frameworks */,
				8E27AB381C00AB1A00A64E6F /* Resources */,
				E2AD256043203CC2152FE453 /* Embed Pods Frameworks */,
				37140D0BC0760705AF1B629F /* Copy Pods Resources */,
			);
			buildRules = (
			);
			dependencies = (
			);
			name = AUDIT;
			productName = AUDIT;
			productReference = 8E27AB3A1C00AB1A00A64E6F /* AUDIT.app */;
			productType = "com.apple.product-type.application";
		};
		8E27AB551C00AB1A00A64E6F /* AUDITTests */ = {
			isa = PBXNativeTarget;
			buildConfigurationList = 8E27AB6D1C00AB1A00A64E6F /* Build configuration list for PBXNativeTarget "AUDITTests" */;
			buildPhases = (
				8E27AB521C00AB1A00A64E6F /* Sources */,
				8E27AB531C00AB1A00A64E6F /* Frameworks */,
				8E27AB541C00AB1A00A64E6F /* Resources */,
			);
			buildRules = (
			);
			dependencies = (
				8E27AB581C00AB1A00A64E6F /* PBXTargetDependency */,
			);
			name = AUDITTests;
			productName = AUDITTests;
			productReference = 8E27AB561C00AB1A00A64E6F /* AUDITTests.xctest */;
			productType = "com.apple.product-type.bundle.unit-test";
		};
		8E27AB601C00AB1A00A64E6F /* AUDITUITests */ = {
			isa = PBXNativeTarget;
			buildConfigurationList = 8E27AB701C00AB1A00A64E6F /* Build configuration list for PBXNativeTarget "AUDITUITests" */;
			buildPhases = (
				8E27AB5D1C00AB1A00A64E6F /* Sources */,
				8E27AB5E1C00AB1A00A64E6F /* Frameworks */,
				8E27AB5F1C00AB1A00A64E6F /* Resources */,
			);
			buildRules = (
			);
			dependencies = (
				8E27AB631C00AB1A00A64E6F /* PBXTargetDependency */,
			);
			name = AUDITUITests;
			productName = AUDITUITests;
			productReference = 8E27AB611C00AB1A00A64E6F /* AUDITUITests.xctest */;
			productType = "com.apple.product-type.bundle.ui-testing";
		};
/* End PBXNativeTarget section */

/* Begin PBXProject section */
		8E27AB321C00AB1A00A64E6F /* Project object */ = {
			isa = PBXProject;
			attributes = {
				LastUpgradeCheck = 0710;
				ORGANIZATIONNAME = "Zha Yong";
				TargetAttributes = {
					8E27AB391C00AB1A00A64E6F = {
						CreatedOnToolsVersion = 7.1;
					};
					8E27AB551C00AB1A00A64E6F = {
						CreatedOnToolsVersion = 7.1;
						TestTargetID = 8E27AB391C00AB1A00A64E6F;
					};
					8E27AB601C00AB1A00A64E6F = {
						CreatedOnToolsVersion = 7.1;
						TestTargetID = 8E27AB391C00AB1A00A64E6F;
					};
				};
			};
			buildConfigurationList = 8E27AB351C00AB1A00A64E6F /* Build configuration list for PBXProject "AUDIT" */;
			compatibilityVersion = "Xcode 3.2";
			developmentRegion = English;
			hasScannedForEncodings = 0;
			knownRegions = (
				en,
				Base,
			);
			mainGroup = 8E27AB311C00AB1A00A64E6F;
			productRefGroup = 8E27AB3B1C00AB1A00A64E6F /* Products */;
			projectDirPath = "";
			projectRoot = "";
			targets = (
				8E27AB391C00AB1A00A64E6F /* AUDIT */,
				8E27AB551C00AB1A00A64E6F /* AUDITTests */,
				8E27AB601C00AB1A00A64E6F /* AUDITUITests */,
			);
		};
/* End PBXProject section */

/* Begin PBXResourcesBuildPhase section */
		8E27AB381C00AB1A00A64E6F /* Resources */ = {
			isa = PBXResourcesBuildPhase;
			buildActionMask = 2147483647;
			files = (
				8E6FBAD41CA8469B009A6A4A /* ParameterSelectViewController.xib in Resources */,
				8E6FBABA1CA8469B009A6A4A /* Main.storyboard in Resources */,
				8E6FBAE31CA8469B009A6A4A /* QuestionCell.xib in Resources */,
				8E6FBADF1CA8469B009A6A4A /* HomePageLeftCell.xib in Resources */,
				8E6FBABE1CA8469B009A6A4A /* LookQuestionairTableHeader.xib in Resources */,
				8E6FBAE11CA8469B009A6A4A /* LeftCell.xib in Resources */,
				8E6FBAE51CA8469B009A6A4A /* RightCell.xib in Resources */,
				8E6FBAB81CA8469B009A6A4A /* Assets.xcassets in Resources */,
				8E6FBAC61CA8469B009A6A4A /* draft.sqlite in Resources */,
				8E6FBAC01CA8469B009A6A4A /* QuestionairTableHeader.xib in Resources */,
				8E6FBAB91CA8469B009A6A4A /* LaunchScreen.storyboard in Resources */,
				8E6FBAD81CA8469B009A6A4A /* StandardViewController.xib in Resources */,
				8E6FBAC71CA8469B009A6A4A /* Info.plist in Resources */,
				8E6FBAD01CA8469B009A6A4A /* HPRightViewController.xib in Resources */,
			);
			runOnlyForDeploymentPostprocessing = 0;
		};
		8E27AB541C00AB1A00A64E6F /* Resources */ = {
			isa = PBXResourcesBuildPhase;
			buildActionMask = 2147483647;
			files = (
			);
			runOnlyForDeploymentPostprocessing = 0;
		};
		8E27AB5F1C00AB1A00A64E6F /* Resources */ = {
			isa = PBXResourcesBuildPhase;
			buildActionMask = 2147483647;
			files = (
			);
			runOnlyForDeploymentPostprocessing = 0;
		};
/* End PBXResourcesBuildPhase section */

/* Begin PBXShellScriptBuildPhase section */
		37140D0BC0760705AF1B629F /* Copy Pods Resources */ = {
			isa = PBXShellScriptBuildPhase;
			buildActionMask = 2147483647;
			files = (
			);
			inputPaths = (
			);
			name = "Copy Pods Resources";
			outputPaths = (
			);
			runOnlyForDeploymentPostprocessing = 0;
			shellPath = /bin/sh;
			shellScript = "\"${SRCROOT}/Pods/Target Support Files/Pods/Pods-resources.sh\"\n";
			showEnvVarsInLog = 0;
		};
		A9B740C3EF0779B589EDB564 /* Check Pods Manifest.lock */ = {
			isa = PBXShellScriptBuildPhase;
			buildActionMask = 2147483647;
			files = (
			);
			inputPaths = (
			);
			name = "Check Pods Manifest.lock";
			outputPaths = (
			);
			runOnlyForDeploymentPostprocessing = 0;
			shellPath = /bin/sh;
			shellScript = "diff \"${PODS_ROOT}/../Podfile.lock\" \"${PODS_ROOT}/Manifest.lock\" > /dev/null\nif [[ $? != 0 ]] ; then\n    cat << EOM\nerror: The sandbox is not in sync with the Podfile.lock. Run 'pod install' or update your CocoaPods installation.\nEOM\n    exit 1\nfi\n";
			showEnvVarsInLog = 0;
		};
		E2AD256043203CC2152FE453 /* Embed Pods Frameworks */ = {
			isa = PBXShellScriptBuildPhase;
			buildActionMask = 2147483647;
			files = (
			);
			inputPaths = (
			);
			name = "Embed Pods Frameworks";
			outputPaths = (
			);
			runOnlyForDeploymentPostprocessing = 0;
			shellPath = /bin/sh;
			shellScript = "\"${SRCROOT}/Pods/Target Support Files/Pods/Pods-frameworks.sh\"\n";
			showEnvVarsInLog = 0;
		};
/* End PBXShellScriptBuildPhase section */

/* Begin PBXSourcesBuildPhase section */
		8E27AB361C00AB1A00A64E6F /* Sources */ = {
			isa = PBXSourcesBuildPhase;
			buildActionMask = 2147483647;
			files = (
				8E6FBAC41CA8469B009A6A4A /* ZYDataEngine.m in Sources */,
				8E6FBAEB1CA8469B009A6A4A /* UIView+Positioning.m in Sources */,
				8E6FBAE21CA8469B009A6A4A /* QuestionCell.m in Sources */,
				8E6FBABB1CA8469B009A6A4A /* CustomButton.m in Sources */,
				8E6FBACA1CA8469B009A6A4A /* ZYNavigationController.m in Sources */,
				8E6FBAD71CA8469B009A6A4A /* StandardViewController.m in Sources */,
				8E6FBACD1CA8469B009A6A4A /* HistoryViewController.m in Sources */,
				8E6FBABD1CA8469B009A6A4A /* LookQuestionairTableHeader.m in Sources */,
				8E6FBACF1CA8469B009A6A4A /* HPRightViewController.m in Sources */,
				8E6FBAB71CA8469B009A6A4A /* AppDelegate.m in Sources */,
				8E6FBAE71CA8469B009A6A4A /* UIImage+BT.m in Sources */,
				8E6FBAE81CA8469B009A6A4A /* UILabel+BT.m in Sources */,
				8E6FBAC51CA8469B009A6A4A /* ZYFileManager.m in Sources */,
				8E6FBAEA1CA8469B009A6A4A /* UITextField+ZY.m in Sources */,
				8E6FBACE1CA8469B009A6A4A /* HomepageViewController.m in Sources */,
				8E6FBAE91CA8469B009A6A4A /* UIStoryboard+ZY.m in Sources */,
				8E6FBADC1CA8469B009A6A4A /* LeftCellModel.m in Sources */,
				8E6FBACB1CA8469B009A6A4A /* ZYTabBarController.m in Sources */,
				8E6FBAE01CA8469B009A6A4A /* LeftCell.m in Sources */,
				8E6FBADE1CA8469B009A6A4A /* HomePageLeftCell.m in Sources */,
				8E6FBABC1CA8469B009A6A4A /* CustomLable.m in Sources */,
				8E6FBAE61CA8469B009A6A4A /* CustomTextfield.m in Sources */,
				8E6FBAD61CA8469B009A6A4A /* SettingsViewController.m in Sources */,
				8E6FBADD1CA8469B009A6A4A /* QuestionairModel.m in Sources */,
				8E6FBAC91CA8469B009A6A4A /* ZYTabBarButton.m in Sources */,
				8E6FBAC31CA8469B009A6A4A /* DataBaseOperation.m in Sources */,
				8E6FBACC1CA8469B009A6A4A /* main.m in Sources */,
				8E6FBAE41CA8469B009A6A4A /* RightCell.m in Sources */,
				8E6FBADA1CA8469B009A6A4A /* DealerInfo.m in Sources */,
				8E6FBAD21CA8469B009A6A4A /* LookQuestionnaireSurvey.m in Sources */,
				8E6FBABF1CA8469B009A6A4A /* QuestionairTableHeader.m in Sources */,
				8E6FBAD11CA8469B009A6A4A /* LoginViewController.m in Sources */,
				8E6FBADB1CA8469B009A6A4A /* HomePageLeftCellModel.m in Sources */,
				8E6FBAD31CA8469B009A6A4A /* ParameterSelectViewController.m in Sources */,
				8E6FBAD91CA8469B009A6A4A /* AnswerModel.m in Sources */,
				8E6FBAC81CA8469B009A6A4A /* ZYTabBar.m in Sources */,
				8E6FBAC11CA8469B009A6A4A /* DateHelper.m in Sources */,
				8E6FBAC21CA8469B009A6A4A /* AUDataBase.m in Sources */,
				8E6FBAD51CA8469B009A6A4A /* QuestionnaireSurvey.m in Sources */,
			);
			runOnlyForDeploymentPostprocessing = 0;
		};
		8E27AB521C00AB1A00A64E6F /* Sources */ = {
			isa = PBXSourcesBuildPhase;
			buildActionMask = 2147483647;
			files = (
				8E27AB5B1C00AB1A00A64E6F /* AUDITTests.m in Sources */,
			);
			runOnlyForDeploymentPostprocessing = 0;
		};
		8E27AB5D1C00AB1A00A64E6F /* Sources */ = {
			isa = PBXSourcesBuildPhase;
			buildActionMask = 2147483647;
			files = (
				8E27AB661C00AB1A00A64E6F /* AUDITUITests.m in Sources */,
			);
			runOnlyForDeploymentPostprocessing = 0;
		};
/* End PBXSourcesBuildPhase section */

/* Begin PBXTargetDependency section */
		8E27AB581C00AB1A00A64E6F /* PBXTargetDependency */ = {
			isa = PBXTargetDependency;
			target = 8E27AB391C00AB1A00A64E6F /* AUDIT */;
			targetProxy = 8E27AB571C00AB1A00A64E6F /* PBXContainerItemProxy */;
		};
		8E27AB631C00AB1A00A64E6F /* PBXTargetDependency */ = {
			isa = PBXTargetDependency;
			target = 8E27AB391C00AB1A00A64E6F /* AUDIT */;
			targetProxy = 8E27AB621C00AB1A00A64E6F /* PBXContainerItemProxy */;
		};
/* End PBXTargetDependency section */

/* Begin PBXVariantGroup section */
		8E6FBA541CA8469B009A6A4A /* LaunchScreen.storyboard */ = {
			isa = PBXVariantGroup;
			children = (
				8E6FBA551CA8469B009A6A4A /* Base */,
			);
			name = LaunchScreen.storyboard;
			sourceTree = "<group>";
		};
		8E6FBA561CA8469B009A6A4A /* Main.storyboard */ = {
			isa = PBXVariantGroup;
			children = (
				8E6FBA571CA8469B009A6A4A /* Base */,
			);
			name = Main.storyboard;
			sourceTree = "<group>";
		};
/* End PBXVariantGroup section */

/* Begin XCBuildConfiguration section */
		8E27AB681C00AB1A00A64E6F /* Debug */ = {
			isa = XCBuildConfiguration;
			buildSettings = {
				ALWAYS_SEARCH_USER_PATHS = NO;
				CLANG_CXX_LANGUAGE_STANDARD = "gnu++0x";
				CLANG_CXX_LIBRARY = "libc++";
				CLANG_ENABLE_MODULES = YES;
				CLANG_ENABLE_OBJC_ARC = YES;
				CLANG_WARN_BOOL_CONVERSION = YES;
				CLANG_WARN_CONSTANT_CONVERSION = YES;
				CLANG_WARN_DIRECT_OBJC_ISA_USAGE = YES_ERROR;
				CLANG_WARN_EMPTY_BODY = YES;
				CLANG_WARN_ENUM_CONVERSION = YES;
				CLANG_WARN_INT_CONVERSION = YES;
				CLANG_WARN_OBJC_ROOT_CLASS = YES_ERROR;
				CLANG_WARN_UNREACHABLE_CODE = YES;
				CLANG_WARN__DUPLICATE_METHOD_MATCH = YES;
				"CODE_SIGN_IDENTITY[sdk=iphoneos*]" = "iPhone Developer";
				COPY_PHASE_STRIP = NO;
				DEBUG_INFORMATION_FORMAT = dwarf;
				ENABLE_STRICT_OBJC_MSGSEND = YES;
				ENABLE_TESTABILITY = YES;
				GCC_C_LANGUAGE_STANDARD = gnu99;
				GCC_DYNAMIC_NO_PIC = NO;
				GCC_NO_COMMON_BLOCKS = YES;
				GCC_OPTIMIZATION_LEVEL = 0;
				GCC_PREPROCESSOR_DEFINITIONS = (
					"DEBUG=1",
					"$(inherited)",
				);
				GCC_WARN_64_TO_32_BIT_CONVERSION = YES;
				GCC_WARN_ABOUT_RETURN_TYPE = YES_ERROR;
				GCC_WARN_UNDECLARED_SELECTOR = YES;
				GCC_WARN_UNINITIALIZED_AUTOS = YES_AGGRESSIVE;
				GCC_WARN_UNUSED_FUNCTION = YES;
				GCC_WARN_UNUSED_VARIABLE = YES;
				IPHONEOS_DEPLOYMENT_TARGET = 9.1;
				MTL_ENABLE_DEBUG_INFO = YES;
				ONLY_ACTIVE_ARCH = YES;
				SDKROOT = iphoneos;
				TARGETED_DEVICE_FAMILY = 2;
			};
			name = Debug;
		};
		8E27AB691C00AB1A00A64E6F /* Release */ = {
			isa = XCBuildConfiguration;
			buildSettings = {
				ALWAYS_SEARCH_USER_PATHS = NO;
				CLANG_CXX_LANGUAGE_STANDARD = "gnu++0x";
				CLANG_CXX_LIBRARY = "libc++";
				CLANG_ENABLE_MODULES = YES;
				CLANG_ENABLE_OBJC_ARC = YES;
				CLANG_WARN_BOOL_CONVERSION = YES;
				CLANG_WARN_CONSTANT_CONVERSION = YES;
				CLANG_WARN_DIRECT_OBJC_ISA_USAGE = YES_ERROR;
				CLANG_WARN_EMPTY_BODY = YES;
				CLANG_WARN_ENUM_CONVERSION = YES;
				CLANG_WARN_INT_CONVERSION = YES;
				CLANG_WARN_OBJC_ROOT_CLASS = YES_ERROR;
				CLANG_WARN_UNREACHABLE_CODE = YES;
				CLANG_WARN__DUPLICATE_METHOD_MATCH = YES;
				"CODE_SIGN_IDENTITY[sdk=iphoneos*]" = "iPhone Developer";
				COPY_PHASE_STRIP = NO;
				DEBUG_INFORMATION_FORMAT = "dwarf-with-dsym";
				ENABLE_NS_ASSERTIONS = NO;
				ENABLE_STRICT_OBJC_MSGSEND = YES;
				GCC_C_LANGUAGE_STANDARD = gnu99;
				GCC_NO_COMMON_BLOCKS = YES;
				GCC_WARN_64_TO_32_BIT_CONVERSION = YES;
				GCC_WARN_ABOUT_RETURN_TYPE = YES_ERROR;
				GCC_WARN_UNDECLARED_SELECTOR = YES;
				GCC_WARN_UNINITIALIZED_AUTOS = YES_AGGRESSIVE;
				GCC_WARN_UNUSED_FUNCTION = YES;
				GCC_WARN_UNUSED_VARIABLE = YES;
				IPHONEOS_DEPLOYMENT_TARGET = 9.1;
				MTL_ENABLE_DEBUG_INFO = NO;
				SDKROOT = iphoneos;
				TARGETED_DEVICE_FAMILY = 2;
				VALIDATE_PRODUCT = YES;
			};
			name = Release;
		};
		8E27AB6B1C00AB1A00A64E6F /* Debug */ = {
			isa = XCBuildConfiguration;
			baseConfigurationReference = 14F1672C6F7BA22C3AACFAC4 /* Pods.debug.xcconfig */;
			buildSettings = {
				ASSETCATALOG_COMPILER_APPICON_NAME = AppIcon;
				GCC_PREFIX_HEADER = "Class/AUDIT-prefix.pch";
				INFOPLIST_FILE = "$(SRCROOT)/Class/Info.plist";
				LD_RUNPATH_SEARCH_PATHS = "$(inherited) @executable_path/Frameworks";
				OTHER_LDFLAGS = (
					"$(inherited)",
					"-ObjC",
					"-l\"AFNetworking\"",
					"-l\"FMDB\"",
					"-l\"Lyt\"",
					"-l\"MJExtension\"",
					"-l\"SQLCipher\"",
					"-framework",
					"\"CoreGraphics\"",
					"-framework",
					"\"MobileCoreServices\"",
					"-framework",
					"\"Security\"",
					"-framework",
					"\"SystemConfiguration\"",
				);
				PRODUCT_BUNDLE_IDENTIFIER = "ZY-CODE.AUDIT";
				PRODUCT_NAME = "$(TARGET_NAME)";
			};
			name = Debug;
		};
		8E27AB6C1C00AB1A00A64E6F /* Release */ = {
			isa = XCBuildConfiguration;
			baseConfigurationReference = 37BBAB2D44A94E58AE96BF2D /* Pods.release.xcconfig */;
			buildSettings = {
				ASSETCATALOG_COMPILER_APPICON_NAME = AppIcon;
				GCC_PREFIX_HEADER = "Class/AUDIT-prefix.pch";
				INFOPLIST_FILE = "$(SRCROOT)/Class/Info.plist";
				LD_RUNPATH_SEARCH_PATHS = "$(inherited) @executable_path/Frameworks";
				OTHER_LDFLAGS = (
					"$(inherited)",
					"-ObjC",
					"-l\"AFNetworking\"",
					"-l\"FMDB\"",
					"-l\"Lyt\"",
					"-l\"MJExtension\"",
					"-l\"SQLCipher\"",
					"-framework",
					"\"CoreGraphics\"",
					"-framework",
					"\"MobileCoreServices\"",
					"-framework",
					"\"Security\"",
					"-framework",
					"\"SystemConfiguration\"",
				);
				PRODUCT_BUNDLE_IDENTIFIER = "ZY-CODE.AUDIT";
				PRODUCT_NAME = "$(TARGET_NAME)";
			};
			name = Release;
		};
		8E27AB6E1C00AB1A00A64E6F /* Debug */ = {
			isa = XCBuildConfiguration;
			buildSettings = {
				BUNDLE_LOADER = "$(TEST_HOST)";
				INFOPLIST_FILE = AUDITTests/Info.plist;
				LD_RUNPATH_SEARCH_PATHS = "$(inherited) @executable_path/Frameworks @loader_path/Frameworks";
				PRODUCT_BUNDLE_IDENTIFIER = "ZY-CODE.AUDITTests";
				PRODUCT_NAME = "$(TARGET_NAME)";
				TEST_HOST = "$(BUILT_PRODUCTS_DIR)/AUDIT.app/AUDIT";
			};
			name = Debug;
		};
		8E27AB6F1C00AB1A00A64E6F /* Release */ = {
			isa = XCBuildConfiguration;
			buildSettings = {
				BUNDLE_LOADER = "$(TEST_HOST)";
				INFOPLIST_FILE = AUDITTests/Info.plist;
				LD_RUNPATH_SEARCH_PATHS = "$(inherited) @executable_path/Frameworks @loader_path/Frameworks";
				PRODUCT_BUNDLE_IDENTIFIER = "ZY-CODE.AUDITTests";
				PRODUCT_NAME = "$(TARGET_NAME)";
				TEST_HOST = "$(BUILT_PRODUCTS_DIR)/AUDIT.app/AUDIT";
			};
			name = Release;
		};
		8E27AB711C00AB1A00A64E6F /* Debug */ = {
			isa = XCBuildConfiguration;
			buildSettings = {
				INFOPLIST_FILE = AUDITUITests/Info.plist;
				LD_RUNPATH_SEARCH_PATHS = "$(inherited) @executable_path/Frameworks @loader_path/Frameworks";
				PRODUCT_BUNDLE_IDENTIFIER = "ZY-CODE.AUDITUITests";
				PRODUCT_NAME = "$(TARGET_NAME)";
				TEST_TARGET_NAME = AUDIT;
				USES_XCTRUNNER = YES;
			};
			name = Debug;
		};
		8E27AB721C00AB1A00A64E6F /* Release */ = {
			isa = XCBuildConfiguration;
			buildSettings = {
				INFOPLIST_FILE = AUDITUITests/Info.plist;
				LD_RUNPATH_SEARCH_PATHS = "$(inherited) @executable_path/Frameworks @loader_path/Frameworks";
				PRODUCT_BUNDLE_IDENTIFIER = "ZY-CODE.AUDITUITests";
				PRODUCT_NAME = "$(TARGET_NAME)";
				TEST_TARGET_NAME = AUDIT;
				USES_XCTRUNNER = YES;
			};
			name = Release;
		};
/* End XCBuildConfiguration section */

/* Begin XCConfigurationList section */
		8E27AB351C00AB1A00A64E6F /* Build configuration list for PBXProject "AUDIT" */ = {
			isa = XCConfigurationList;
			buildConfigurations = (
				8E27AB681C00AB1A00A64E6F /* Debug */,
				8E27AB691C00AB1A00A64E6F /* Release */,
			);
			defaultConfigurationIsVisible = 0;
			defaultConfigurationName = Release;
		};
		8E27AB6A1C00AB1A00A64E6F /* Build configuration list for PBXNativeTarget "AUDIT" */ = {
			isa = XCConfigurationList;
			buildConfigurations = (
				8E27AB6B1C00AB1A00A64E6F /* Debug */,
				8E27AB6C1C00AB1A00A64E6F /* Release */,
			);
			defaultConfigurationIsVisible = 0;
			defaultConfigurationName = Release;
		};
		8E27AB6D1C00AB1A00A64E6F /* Build configuration list for PBXNativeTarget "AUDITTests" */ = {
			isa = XCConfigurationList;
			buildConfigurations = (
				8E27AB6E1C00AB1A00A64E6F /* Debug */,
				8E27AB6F1C00AB1A00A64E6F /* Release */,
			);
			defaultConfigurationIsVisible = 0;
			defaultConfigurationName = Release;
		};
		8E27AB701C00AB1A00A64E6F /* Build configuration list for PBXNativeTarget "AUDITUITests" */ = {
			isa = XCConfigurationList;
			buildConfigurations = (
				8E27AB711C00AB1A00A64E6F /* Debug */,
				8E27AB721C00AB1A00A64E6F /* Release */,
			);
			defaultConfigurationIsVisible = 0;
			defaultConfigurationName = Release;
		};
/* End XCConfigurationList section */
	};
	rootObject = 8E27AB321C00AB1A00A64E6F /* Project object */;
}
